
Microsoft Visual Studio Solution File, Format Version 12.00
# Visual Studio Version 16
VisualStudioVersion = 16.0.32228.343
MinimumVisualStudioVersion = 10.0.40219.1
Project("{FAE04EC0-301F-11D3-BF4B-00C04F79EFBC}") = "TVScapper", "TVScapper.csproj", "{C4E2B368-75E8-4351-96EC-77F8E75C8288}"
EndProject
Global
	GlobalSection(SolutionConfigurationPlatforms) = preSolution
		Debug|Any CPU = Debug|Any CPU
		Release|Any CPU = Release|Any CPU
	EndGlobalSection
	GlobalSection(ProjectConfigurationPlatforms) = postSolution
		{C4E2B368-75E8-4351-96EC-77F8E75C8288}.Debug|Any CPU.ActiveCfg = Debug|Any CPU
		{C4E2B368-75E8-4351-96EC-77F8E75C8288}.Debug|Any CPU.Build.0 = Debug|Any CPU
		{C4E2B368-75E8-4351-96EC-77F8E75C8288}.Release|Any CPU.ActiveCfg = Release|Any CPU
		{C4E2B368-75E8-4351-96EC-77F8E75C8288}.Release|Any CPU.Build.0 = Release|Any CPU
	EndGlobalSection
	GlobalSection(SolutionProperties) = preSolution
		HideSolutionNode = FALSE
	EndGlobalSection
	GlobalSection(ExtensibilityGlobals) = postSolution
		SolutionGuid = {9084F292-410B-4070-A94B-87E42BBC512C}
	EndGlobalSection
EndGlobal
